
Microsoft Visual Studio Solution File, Format Version 12.00
# Visual Studio 15
VisualStudioVersion = 15.0.28307.705
MinimumVisualStudioVersion = 10.0.40219.1
Project("{FAE04EC0-301F-11D3-BF4B-00C04F79EFBC}") = "AppCore", "AppCore\AppCore.csproj", "{20774168-F3ED-429C-B780-402BCC2F9AE9}"
EndProject
Project("{FAE04EC0-301F-11D3-BF4B-00C04F79EFBC}") = "UnitTests", "UnitTests\UnitTests.csproj", "{C8958D88-D7E8-44E1-AE7A-CE02B314131B}"
EndProject
Project("{FAE04EC0-301F-11D3-BF4B-00C04F79EFBC}") = "Infrastructure", "Infrastructure\Infrastructure.csproj", "{9FDE6874-0975-42C6-A026-F2A653E67713}"
EndProject
Project("{FAE04EC0-301F-11D3-BF4B-00C04F79EFBC}") = "CheckoutClient", "CheckoutClient\CheckoutClient.csproj", "{F427BFD9-6243-40DB-AA2B-D6BD72183286}"
EndProject
Global
	GlobalSection(SolutionConfigurationPlatforms) = preSolution
		Debug|Any CPU = Debug|Any CPU
		Release|Any CPU = Release|Any CPU
	EndGlobalSection
	GlobalSection(ProjectConfigurationPlatforms) = postSolution
		{20774168-F3ED-429C-B780-402BCC2F9AE9}.Debug|Any CPU.ActiveCfg = Debug|Any CPU
		{20774168-F3ED-429C-B780-402BCC2F9AE9}.Debug|Any CPU.Build.0 = Debug|Any CPU
		{20774168-F3ED-429C-B780-402BCC2F9AE9}.Release|Any CPU.ActiveCfg = Release|Any CPU
		{20774168-F3ED-429C-B780-402BCC2F9AE9}.Release|Any CPU.Build.0 = Release|Any CPU
		{C8958D88-D7E8-44E1-AE7A-CE02B314131B}.Debug|Any CPU.ActiveCfg = Debug|Any CPU
		{C8958D88-D7E8-44E1-AE7A-CE02B314131B}.Debug|Any CPU.Build.0 = Debug|Any CPU
		{C8958D88-D7E8-44E1-AE7A-CE02B314131B}.Release|Any CPU.ActiveCfg = Release|Any CPU
		{C8958D88-D7E8-44E1-AE7A-CE02B314131B}.Release|Any CPU.Build.0 = Release|Any CPU
		{9FDE6874-0975-42C6-A026-F2A653E67713}.Debug|Any CPU.ActiveCfg = Debug|Any CPU
		{9FDE6874-0975-42C6-A026-F2A653E67713}.Debug|Any CPU.Build.0 = Debug|Any CPU
		{9FDE6874-0975-42C6-A026-F2A653E67713}.Release|Any CPU.ActiveCfg = Release|Any CPU
		{9FDE6874-0975-42C6-A026-F2A653E67713}.Release|Any CPU.Build.0 = Release|Any CPU
		{F427BFD9-6243-40DB-AA2B-D6BD72183286}.Debug|Any CPU.ActiveCfg = Debug|Any CPU
		{F427BFD9-6243-40DB-AA2B-D6BD72183286}.Debug|Any CPU.Build.0 = Debug|Any CPU
		{F427BFD9-6243-40DB-AA2B-D6BD72183286}.Release|Any CPU.ActiveCfg = Release|Any CPU
		{F427BFD9-6243-40DB-AA2B-D6BD72183286}.Release|Any CPU.Build.0 = Release|Any CPU
	EndGlobalSection
	GlobalSection(SolutionProperties) = preSolution
		HideSolutionNode = FALSE
	EndGlobalSection
	GlobalSection(ExtensibilityGlobals) = postSolution
		SolutionGuid = {7279A604-9F00-44AA-A21F-2308DCB037F0}
	EndGlobalSection
EndGlobal
